
Microsoft Visual Studio Solution File, Format Version 12.00
# Visual Studio Version 16
VisualStudioVersion = 16.0.29509.3
MinimumVisualStudioVersion = 10.0.40219.1
Project("{9A19103F-16F7-4668-BE54-9A1E7A4F7556}") = "Chat", "Chat\Chat.csproj", "{EA6EBB23-DBD5-4B05-8489-6B57468C9933}"
EndProject
Global
	GlobalSection(SolutionConfigurationPlatforms) = preSolution
		Debug|Any CPU = Debug|Any CPU
		Release|Any CPU = Release|Any CPU
	EndGlobalSection
	GlobalSection(ProjectConfigurationPlatforms) = postSolution
		{EA6EBB23-DBD5-4B05-8489-6B57468C9933}.Debug|Any CPU.ActiveCfg = Debug|Any CPU
		{EA6EBB23-DBD5-4B05-8489-6B57468C9933}.Debug|Any CPU.Build.0 = Debug|Any CPU
		{EA6EBB23-DBD5-4B05-8489-6B57468C9933}.Release|Any CPU.ActiveCfg = Release|Any CPU
		{EA6EBB23-DBD5-4B05-8489-6B57468C9933}.Release|Any CPU.Build.0 = Release|Any CPU
	EndGlobalSection
	GlobalSection(SolutionProperties) = preSolution
		HideSolutionNode = FALSE
	EndGlobalSection
	GlobalSection(ExtensibilityGlobals) = postSolution
		SolutionGuid = {48CE4467-2E90-4FC1-A325-45B6AA25A702}
	EndGlobalSection
EndGlobal
